
Microsoft Visual Studio Solution File, Format Version 12.00
# Visual Studio 15
Project("{FAE04EC0-301F-11D3-BF4B-00C04F79EFBC}") = "Assembly-CSharp-firstpass", "Assembly-CSharp-firstpass.csproj", "{2615D3B9-10FA-6F1A-0324-F6BC39AC7762}"
EndProject
Project("{FAE04EC0-301F-11D3-BF4B-00C04F79EFBC}") = "Assembly-CSharp", "Assembly-CSharp.csproj", "{63338402-0973-AD07-4D53-B8CD670BC5B1}"
EndProject
Project("{FAE04EC0-301F-11D3-BF4B-00C04F79EFBC}") = "Assembly-CSharp-Editor-firstpass", "Assembly-CSharp-Editor-firstpass.csproj", "{913DB94F-D8CB-0353-81C4-3BC0C55BE83D}"
EndProject
Global
	GlobalSection(SolutionConfigurationPlatforms) = preSolution
		Debug|Any CPU = Debug|Any CPU
		Release|Any CPU = Release|Any CPU
	EndGlobalSection
	GlobalSection(ProjectConfigurationPlatforms) = postSolution
		{2615D3B9-10FA-6F1A-0324-F6BC39AC7762}.Debug|Any CPU.ActiveCfg = Debug|Any CPU
		{2615D3B9-10FA-6F1A-0324-F6BC39AC7762}.Debug|Any CPU.Build.0 = Debug|Any CPU
		{2615D3B9-10FA-6F1A-0324-F6BC39AC7762}.Release|Any CPU.ActiveCfg = Release|Any CPU
		{2615D3B9-10FA-6F1A-0324-F6BC39AC7762}.Release|Any CPU.Build.0 = Release|Any CPU
		{63338402-0973-AD07-4D53-B8CD670BC5B1}.Debug|Any CPU.ActiveCfg = Debug|Any CPU
		{63338402-0973-AD07-4D53-B8CD670BC5B1}.Debug|Any CPU.Build.0 = Debug|Any CPU
		{63338402-0973-AD07-4D53-B8CD670BC5B1}.Release|Any CPU.ActiveCfg = Release|Any CPU
		{63338402-0973-AD07-4D53-B8CD670BC5B1}.Release|Any CPU.Build.0 = Release|Any CPU
		{913DB94F-D8CB-0353-81C4-3BC0C55BE83D}.Debug|Any CPU.ActiveCfg = Debug|Any CPU
		{913DB94F-D8CB-0353-81C4-3BC0C55BE83D}.Debug|Any CPU.Build.0 = Debug|Any CPU
		{913DB94F-D8CB-0353-81C4-3BC0C55BE83D}.Release|Any CPU.ActiveCfg = Release|Any CPU
		{913DB94F-D8CB-0353-81C4-3BC0C55BE83D}.Release|Any CPU.Build.0 = Release|Any CPU
	EndGlobalSection
	GlobalSection(SolutionProperties) = preSolution
		HideSolutionNode = FALSE
	EndGlobalSection
EndGlobal
